// !$*UTF8*$!
{
	archiveVersion = 1;
	classes = {
	};
	objectVersion = 50;
	objects = {

/* Begin PBXBuildFile section */
		137A8E223C9B82BB78126AC9 /* Pods_ParstagramTests.framework in Frameworks */ = {isa = PBXBuildFile; fileRef = DE18CB461189139C56EBEC3A /* Pods_ParstagramTests.framework */; };
		6D37298722195638009C3C27 /* LoginViewController.swift in Sources */ = {isa = PBXBuildFile; fileRef = 6D37298622195638009C3C27 /* LoginViewController.swift */; };
		6D37298922195642009C3C27 /* FeedViewController.swift in Sources */ = {isa = PBXBuildFile; fileRef = 6D37298822195642009C3C27 /* FeedViewController.swift */; };
		6D37298B22195BCE009C3C27 /* CameraViewController.swift in Sources */ = {isa = PBXBuildFile; fileRef = 6D37298A22195BCE009C3C27 /* CameraViewController.swift */; };
		6D37298D2219F281009C3C27 /* PostCell.swift in Sources */ = {isa = PBXBuildFile; fileRef = 6D37298C2219F281009C3C27 /* PostCell.swift */; };
		6D736A1B22233D260084CC57 /* CommentCell.swift in Sources */ = {isa = PBXBuildFile; fileRef = 6D736A1A22233D260084CC57 /* CommentCell.swift */; };
		6D736A1D2223B8A80084CC57 /* ProfileViewController.swift in Sources */ = {isa = PBXBuildFile; fileRef = 6D736A1C2223B8A80084CC57 /* ProfileViewController.swift */; };
		6D736A212223D2570084CC57 /* ProfileInfoTableViewCell.swift in Sources */ = {isa = PBXBuildFile; fileRef = 6D736A202223D2570084CC57 /* ProfileInfoTableViewCell.swift */; };
		6DE22EEB2219493A004CEE5F /* AppDelegate.swift in Sources */ = {isa = PBXBuildFile; fileRef = 6DE22EEA2219493A004CEE5F /* AppDelegate.swift */; };
		6DE22EF02219493A004CEE5F /* Main.storyboard in Resources */ = {isa = PBXBuildFile; fileRef = 6DE22EEE2219493A004CEE5F /* Main.storyboard */; };
		6DE22EF22219493C004CEE5F /* Assets.xcassets in Resources */ = {isa = PBXBuildFile; fileRef = 6DE22EF12219493C004CEE5F /* Assets.xcassets */; };
		6DE22EF52219493C004CEE5F /* LaunchScreen.storyboard in Resources */ = {isa = PBXBuildFile; fileRef = 6DE22EF32219493C004CEE5F /* LaunchScreen.storyboard */; };
		6DE22F002219493C004CEE5F /* ParstagramTests.swift in Sources */ = {isa = PBXBuildFile; fileRef = 6DE22EFF2219493C004CEE5F /* ParstagramTests.swift */; };
		6DE22F0B2219493C004CEE5F /* ParstagramUITests.swift in Sources */ = {isa = PBXBuildFile; fileRef = 6DE22F0A2219493C004CEE5F /* ParstagramUITests.swift */; };
		88748B90E712196DD74A2067 /* Pods_ParstagramUITests.framework in Frameworks */ = {isa = PBXBuildFile; fileRef = D57310BA02A25F8CB30BF3A8 /* Pods_ParstagramUITests.framework */; };
		9CAC2DAAAF1A1574FECF34DB /* Pods_Parstagram.framework in Frameworks */ = {isa = PBXBuildFile; fileRef = EB57B39653ADB9FD3C6EC5CB /* Pods_Parstagram.framework */; };
/* End PBXBuildFile section */

/* Begin PBXContainerItemProxy section */
		6DE22EFC2219493C004CEE5F /* PBXContainerItemProxy */ = {
			isa = PBXContainerItemProxy;
			containerPortal = 6DE22EDF2219493A004CEE5F /* Project object */;
			proxyType = 1;
			remoteGlobalIDString = 6DE22EE62219493A004CEE5F;
			remoteInfo = Parstagram;
		};
		6DE22F072219493C004CEE5F /* PBXContainerItemProxy */ = {
			isa = PBXContainerItemProxy;
			containerPortal = 6DE22EDF2219493A004CEE5F /* Project object */;
			proxyType = 1;
			remoteGlobalIDString = 6DE22EE62219493A004CEE5F;
			remoteInfo = Parstagram;
		};
/* End PBXContainerItemProxy section */

/* Begin PBXFileReference section */
		07A1677712A0ED6407A43D30 /* Pods-ParstagramTests.debug.xcconfig */ = {isa = PBXFileReference; includeInIndex = 1; lastKnownFileType = text.xcconfig; name = "Pods-ParstagramTests.debug.xcconfig"; path = "Pods/Target Support Files/Pods-ParstagramTests/Pods-ParstagramTests.debug.xcconfig"; sourceTree = "<group>"; };
		6D37298622195638009C3C27 /* LoginViewController.swift */ = {isa = PBXFileReference; lastKnownFileType = sourcecode.swift; path = LoginViewController.swift; sourceTree = "<group>"; };
		6D37298822195642009C3C27 /* FeedViewController.swift */ = {isa = PBXFileReference; lastKnownFileType = sourcecode.swift; path = FeedViewController.swift; sourceTree = "<group>"; };
		6D37298A22195BCE009C3C27 /* CameraViewController.swift */ = {isa = PBXFileReference; lastKnownFileType = sourcecode.swift; path = CameraViewController.swift; sourceTree = "<group>"; };
		6D37298C2219F281009C3C27 /* PostCell.swift */ = {isa = PBXFileReference; lastKnownFileType = sourcecode.swift; path = PostCell.swift; sourceTree = "<group>"; };
		6D736A1A22233D260084CC57 /* CommentCell.swift */ = {isa = PBXFileReference; lastKnownFileType = sourcecode.swift; path = CommentCell.swift; sourceTree = "<group>"; };
		6D736A1C2223B8A80084CC57 /* ProfileViewController.swift */ = {isa = PBXFileReference; lastKnownFileType = sourcecode.swift; path = ProfileViewController.swift; sourceTree = "<group>"; };
		6D736A202223D2570084CC57 /* ProfileInfoTableViewCell.swift */ = {isa = PBXFileReference; lastKnownFileType = sourcecode.swift; path = ProfileInfoTableViewCell.swift; sourceTree = "<group>"; };
		6DE22EE72219493A004CEE5F /* Parstagram.app */ = {isa = PBXFileReference; explicitFileType = wrapper.application; includeInIndex = 0; path = Parstagram.app; sourceTree = BUILT_PRODUCTS_DIR; };
		6DE22EEA2219493A004CEE5F /* AppDelegate.swift */ = {isa = PBXFileReference; lastKnownFileType = sourcecode.swift; path = AppDelegate.swift; sourceTree = "<group>"; };
		6DE22EEF2219493A004CEE5F /* Base */ = {isa = PBXFileReference; lastKnownFileType = file.storyboard; name = Base; path = Base.lproj/Main.storyboard; sourceTree = "<group>"; };
		6DE22EF12219493C004CEE5F /* Assets.xcassets */ = {isa = PBXFileReference; lastKnownFileType = folder.assetcatalog; path = Assets.xcassets; sourceTree = "<group>"; };
		6DE22EF42219493C004CEE5F /* Base */ = {isa = PBXFileReference; lastKnownFileType = file.storyboard; name = Base; path = Base.lproj/LaunchScreen.storyboard; sourceTree = "<group>"; };
		6DE22EF62219493C004CEE5F /* Info.plist */ = {isa = PBXFileReference; lastKnownFileType = text.plist.xml; path = Info.plist; sourceTree = "<group>"; };
		6DE22EFB2219493C004CEE5F /* ParstagramTests.xctest */ = {isa = PBXFileReference; explicitFileType = wrapper.cfbundle; includeInIndex = 0; path = ParstagramTests.xctest; sourceTree = BUILT_PRODUCTS_DIR; };
		6DE22EFF2219493C004CEE5F /* ParstagramTests.swift */ = {isa = PBXFileReference; lastKnownFileType = sourcecode.swift; path = ParstagramTests.swift; sourceTree = "<group>"; };
		6DE22F012219493C004CEE5F /* Info.plist */ = {isa = PBXFileReference; lastKnownFileType = text.plist.xml; path = Info.plist; sourceTree = "<group>"; };
		6DE22F062219493C004CEE5F /* ParstagramUITests.xctest */ = {isa = PBXFileReference; explicitFileType = wrapper.cfbundle; includeInIndex = 0; path = ParstagramUITests.xctest; sourceTree = BUILT_PRODUCTS_DIR; };
		6DE22F0A2219493C004CEE5F /* ParstagramUITests.swift */ = {isa = PBXFileReference; lastKnownFileType = sourcecode.swift; path = ParstagramUITests.swift; sourceTree = "<group>"; };
		6DE22F0C2219493C004CEE5F /* Info.plist */ = {isa = PBXFileReference; lastKnownFileType = text.plist.xml; path = Info.plist; sourceTree = "<group>"; };
		9063EE23F3039C52F587086D /* Pods-ParstagramUITests.debug.xcconfig */ = {isa = PBXFileReference; includeInIndex = 1; lastKnownFileType = text.xcconfig; name = "Pods-ParstagramUITests.debug.xcconfig"; path = "Pods/Target Support Files/Pods-ParstagramUITests/Pods-ParstagramUITests.debug.xcconfig"; sourceTree = "<group>"; };
		97476DC7A57D0281EF0E07EB /* Pods-ParstagramUITests.release.xcconfig */ = {isa = PBXFileReference; includeInIndex = 1; lastKnownFileType = text.xcconfig; name = "Pods-ParstagramUITests.release.xcconfig"; path = "Pods/Target Support Files/Pods-ParstagramUITests/Pods-ParstagramUITests.release.xcconfig"; sourceTree = "<group>"; };
		AB7257D3EDFDE910686E3B94 /* Pods-Parstagram.release.xcconfig */ = {isa = PBXFileReference; includeInIndex = 1; lastKnownFileType = text.xcconfig; name = "Pods-Parstagram.release.xcconfig"; path = "Pods/Target Support Files/Pods-Parstagram/Pods-Parstagram.release.xcconfig"; sourceTree = "<group>"; };
		BE4713C81A46919D4688E408 /* Pods-ParstagramTests.release.xcconfig */ = {isa = PBXFileReference; includeInIndex = 1; lastKnownFileType = text.xcconfig; name = "Pods-ParstagramTests.release.xcconfig"; path = "Pods/Target Support Files/Pods-ParstagramTests/Pods-ParstagramTests.release.xcconfig"; sourceTree = "<group>"; };
		C5A1C3080925A33449C81834 /* Pods-Parstagram.debug.xcconfig */ = {isa = PBXFileReference; includeInIndex = 1; lastKnownFileType = text.xcconfig; name = "Pods-Parstagram.debug.xcconfig"; path = "Pods/Target Support Files/Pods-Parstagram/Pods-Parstagram.debug.xcconfig"; sourceTree = "<group>"; };
		D57310BA02A25F8CB30BF3A8 /* Pods_ParstagramUITests.framework */ = {isa = PBXFileReference; explicitFileType = wrapper.framework; includeInIndex = 0; path = Pods_ParstagramUITests.framework; sourceTree = BUILT_PRODUCTS_DIR; };
		DE18CB461189139C56EBEC3A /* Pods_ParstagramTests.framework */ = {isa = PBXFileReference; explicitFileType = wrapper.framework; includeInIndex = 0; path = Pods_ParstagramTests.framework; sourceTree = BUILT_PRODUCTS_DIR; };
		EB57B39653ADB9FD3C6EC5CB /* Pods_Parstagram.framework */ = {isa = PBXFileReference; explicitFileType = wrapper.framework; includeInIndex = 0; path = Pods_Parstagram.framework; sourceTree = BUILT_PRODUCTS_DIR; };
/* End PBXFileReference section */

/* Begin PBXFrameworksBuildPhase section */
		6DE22EE42219493A004CEE5F /* Frameworks */ = {
			isa = PBXFrameworksBuildPhase;
			buildActionMask = 2147483647;
			files = (
				9CAC2DAAAF1A1574FECF34DB /* Pods_Parstagram.framework in Frameworks */,
			);
			runOnlyForDeploymentPostprocessing = 0;
		};
		6DE22EF82219493C004CEE5F /* Frameworks */ = {
			isa = PBXFrameworksBuildPhase;
			buildActionMask = 2147483647;
			files = (
				137A8E223C9B82BB78126AC9 /* Pods_ParstagramTests.framework in Frameworks */,
			);
			runOnlyForDeploymentPostprocessing = 0;
		};
		6DE22F032219493C004CEE5F /* Frameworks */ = {
			isa = PBXFrameworksBuildPhase;
			buildActionMask = 2147483647;
			files = (
				88748B90E712196DD74A2067 /* Pods_ParstagramUITests.framework in Frameworks */,
			);
			runOnlyForDeploymentPostprocessing = 0;
		};
/* End PBXFrameworksBuildPhase section */

/* Begin PBXGroup section */
		6DE22EDE22194939004CEE5F = {
			isa = PBXGroup;
			children = (
				6DE22EE92219493A004CEE5F /* Parstagram */,
				6DE22EFE2219493C004CEE5F /* ParstagramTests */,
				6DE22F092219493C004CEE5F /* ParstagramUITests */,
				6DE22EE82219493A004CEE5F /* Products */,
				FE9F1EFC88D10B0A665A2AE0 /* Pods */,
				87A9A3C359E008B18C72F339 /* Frameworks */,
			);
			sourceTree = "<group>";
		};
		6DE22EE82219493A004CEE5F /* Products */ = {
			isa = PBXGroup;
			children = (
				6DE22EE72219493A004CEE5F /* Parstagram.app */,
				6DE22EFB2219493C004CEE5F /* ParstagramTests.xctest */,
				6DE22F062219493C004CEE5F /* ParstagramUITests.xctest */,
			);
			name = Products;
			sourceTree = "<group>";
		};
		6DE22EE92219493A004CEE5F /* Parstagram */ = {
			isa = PBXGroup;
			children = (
				6DE22EEA2219493A004CEE5F /* AppDelegate.swift */,
				6DE22EEE2219493A004CEE5F /* Main.storyboard */,
				6DE22EF12219493C004CEE5F /* Assets.xcassets */,
				6DE22EF32219493C004CEE5F /* LaunchScreen.storyboard */,
				6DE22EF62219493C004CEE5F /* Info.plist */,
				6D37298622195638009C3C27 /* LoginViewController.swift */,
				6D37298822195642009C3C27 /* FeedViewController.swift */,
				6D37298A22195BCE009C3C27 /* CameraViewController.swift */,
				6D37298C2219F281009C3C27 /* PostCell.swift */,
				6D736A1A22233D260084CC57 /* CommentCell.swift */,
				6D736A1C2223B8A80084CC57 /* ProfileViewController.swift */,
				6D736A202223D2570084CC57 /* ProfileInfoTableViewCell.swift */,
			);
			path = Parstagram;
			sourceTree = "<group>";
		};
		6DE22EFE2219493C004CEE5F /* ParstagramTests */ = {
			isa = PBXGroup;
			children = (
				6DE22EFF2219493C004CEE5F /* ParstagramTests.swift */,
				6DE22F012219493C004CEE5F /* Info.plist */,
			);
			path = ParstagramTests;
			sourceTree = "<group>";
		};
		6DE22F092219493C004CEE5F /* ParstagramUITests */ = {
			isa = PBXGroup;
			children = (
				6DE22F0A2219493C004CEE5F /* ParstagramUITests.swift */,
				6DE22F0C2219493C004CEE5F /* Info.plist */,
			);
			path = ParstagramUITests;
			sourceTree = "<group>";
		};
		87A9A3C359E008B18C72F339 /* Frameworks */ = {
			isa = PBXGroup;
			children = (
				EB57B39653ADB9FD3C6EC5CB /* Pods_Parstagram.framework */,
				DE18CB461189139C56EBEC3A /* Pods_ParstagramTests.framework */,
				D57310BA02A25F8CB30BF3A8 /* Pods_ParstagramUITests.framework */,
			);
			name = Frameworks;
			sourceTree = "<group>";
		};
		FE9F1EFC88D10B0A665A2AE0 /* Pods */ = {
			isa = PBXGroup;
			children = (
				C5A1C3080925A33449C81834 /* Pods-Parstagram.debug.xcconfig */,
				AB7257D3EDFDE910686E3B94 /* Pods-Parstagram.release.xcconfig */,
				07A1677712A0ED6407A43D30 /* Pods-ParstagramTests.debug.xcconfig */,
				BE4713C81A46919D4688E408 /* Pods-ParstagramTests.release.xcconfig */,
				9063EE23F3039C52F587086D /* Pods-ParstagramUITests.debug.xcconfig */,
				97476DC7A57D0281EF0E07EB /* Pods-ParstagramUITests.release.xcconfig */,
			);
			name = Pods;
			sourceTree = "<group>";
		};
/* End PBXGroup section */

/* Begin PBXNativeTarget section */
		6DE22EE62219493A004CEE5F /* Parstagram */ = {
			isa = PBXNativeTarget;
			buildConfigurationList = 6DE22F0F2219493C004CEE5F /* Build configuration list for PBXNativeTarget "Parstagram" */;
			buildPhases = (
				4660C95956FDB4E7B08B1AA9 /* [CP] Check Pods Manifest.lock */,
				6DE22EE32219493A004CEE5F /* Sources */,
				6DE22EE42219493A004CEE5F /* Frameworks */,
				6DE22EE52219493A004CEE5F /* Resources */,
				CD7FBEEE50FFF154485ACC7B /* [CP] Embed Pods Frameworks */,
			);
			buildRules = (
			);
			dependencies = (
			);
			name = Parstagram;
			productName = Parstagram;
			productReference = 6DE22EE72219493A004CEE5F /* Parstagram.app */;
			productType = "com.apple.product-type.application";
		};
		6DE22EFA2219493C004CEE5F /* ParstagramTests */ = {
			isa = PBXNativeTarget;
			buildConfigurationList = 6DE22F122219493C004CEE5F /* Build configuration list for PBXNativeTarget "ParstagramTests" */;
			buildPhases = (
				9FDC9257CAAE7C7FCF8F0DEA /* [CP] Check Pods Manifest.lock */,
				6DE22EF72219493C004CEE5F /* Sources */,
				6DE22EF82219493C004CEE5F /* Frameworks */,
				6DE22EF92219493C004CEE5F /* Resources */,
			);
			buildRules = (
			);
			dependencies = (
				6DE22EFD2219493C004CEE5F /* PBXTargetDependency */,
			);
			name = ParstagramTests;
			productName = ParstagramTests;
			productReference = 6DE22EFB2219493C004CEE5F /* ParstagramTests.xctest */;
			productType = "com.apple.product-type.bundle.unit-test";
		};
		6DE22F052219493C004CEE5F /* ParstagramUITests */ = {
			isa = PBXNativeTarget;
			buildConfigurationList = 6DE22F152219493C004CEE5F /* Build configuration list for PBXNativeTarget "ParstagramUITests" */;
			buildPhases = (
				F4AA3356C208960CE1C9336E /* [CP] Check Pods Manifest.lock */,
				6DE22F022219493C004CEE5F /* Sources */,
				6DE22F032219493C004CEE5F /* Frameworks */,
				6DE22F042219493C004CEE5F /* Resources */,
			);
			buildRules = (
			);
			dependencies = (
				6DE22F082219493C004CEE5F /* PBXTargetDependency */,
			);
			name = ParstagramUITests;
			productName = ParstagramUITests;
			productReference = 6DE22F062219493C004CEE5F /* ParstagramUITests.xctest */;
			productType = "com.apple.product-type.bundle.ui-testing";
		};
/* End PBXNativeTarget section */

/* Begin PBXProject section */
		6DE22EDF2219493A004CEE5F /* Project object */ = {
			isa = PBXProject;
			attributes = {
				LastSwiftUpdateCheck = 1010;
				LastUpgradeCheck = 1010;
				ORGANIZATIONNAME = "Derek Chang";
				TargetAttributes = {
					6DE22EE62219493A004CEE5F = {
						CreatedOnToolsVersion = 10.1;
					};
					6DE22EFA2219493C004CEE5F = {
						CreatedOnToolsVersion = 10.1;
						TestTargetID = 6DE22EE62219493A004CEE5F;
					};
					6DE22F052219493C004CEE5F = {
						CreatedOnToolsVersion = 10.1;
						TestTargetID = 6DE22EE62219493A004CEE5F;
					};
				};
			};
			buildConfigurationList = 6DE22EE22219493A004CEE5F /* Build configuration list for PBXProject "Parstagram" */;
			compatibilityVersion = "Xcode 9.3";
			developmentRegion = en;
			hasScannedForEncodings = 0;
			knownRegions = (
				en,
				Base,
			);
			mainGroup = 6DE22EDE22194939004CEE5F;
			productRefGroup = 6DE22EE82219493A004CEE5F /* Products */;
			projectDirPath = "";
			projectRoot = "";
			targets = (
				6DE22EE62219493A004CEE5F /* Parstagram */,
				6DE22EFA2219493C004CEE5F /* ParstagramTests */,
				6DE22F052219493C004CEE5F /* ParstagramUITests */,
			);
		};
/* End PBXProject section */

/* Begin PBXResourcesBuildPhase section */
		6DE22EE52219493A004CEE5F /* Resources */ = {
			isa = PBXResourcesBuildPhase;
			buildActionMask = 2147483647;
			files = (
				6DE22EF52219493C004CEE5F /* LaunchScreen.storyboard in Resources */,
				6DE22EF22219493C004CEE5F /* Assets.xcassets in Resources */,
				6DE22EF02219493A004CEE5F /* Main.storyboard in Resources */,
			);
			runOnlyForDeploymentPostprocessing = 0;
		};
		6DE22EF92219493C004CEE5F /* Resources */ = {
			isa = PBXResourcesBuildPhase;
			buildActionMask = 2147483647;
			files = (
			);
			runOnlyForDeploymentPostprocessing = 0;
		};
		6DE22F042219493C004CEE5F /* Resources */ = {
			isa = PBXResourcesBuildPhase;
			buildActionMask = 2147483647;
			files = (
			);
			runOnlyForDeploymentPostprocessing = 0;
		};
/* End PBXResourcesBuildPhase section */

/* Begin PBXShellScriptBuildPhase section */
		4660C95956FDB4E7B08B1AA9 /* [CP] Check Pods Manifest.lock */ = {
			isa = PBXShellScriptBuildPhase;
			buildActionMask = 2147483647;
			files = (
			);
			inputFileListPaths = (
			);
			inputPaths = (
				"${PODS_PODFILE_DIR_PATH}/Podfile.lock",
				"${PODS_ROOT}/Manifest.lock",
			);
			name = "[CP] Check Pods Manifest.lock";
			outputFileListPaths = (
			);
			outputPaths = (
				"$(DERIVED_FILE_DIR)/Pods-Parstagram-checkManifestLockResult.txt",
			);
			runOnlyForDeploymentPostprocessing = 0;
			shellPath = /bin/sh;
			shellScript = "diff \"${PODS_PODFILE_DIR_PATH}/Podfile.lock\" \"${PODS_ROOT}/Manifest.lock\" > /dev/null\nif [ $? != 0 ] ; then\n    # print error to STDERR\n    echo \"error: The sandbox is not in sync with the Podfile.lock. Run 'pod install' or update your CocoaPods installation.\" >&2\n    exit 1\nfi\n# This output is used by Xcode 'outputs' to avoid re-running this script phase.\necho \"SUCCESS\" > \"${SCRIPT_OUTPUT_FILE_0}\"\n";
			showEnvVarsInLog = 0;
		};
		9FDC9257CAAE7C7FCF8F0DEA /* [CP] Check Pods Manifest.lock */ = {
			isa = PBXShellScriptBuildPhase;
			buildActionMask = 2147483647;
			files = (
			);
			inputFileListPaths = (
			);
			inputPaths = (
				"${PODS_PODFILE_DIR_PATH}/Podfile.lock",
				"${PODS_ROOT}/Manifest.lock",
			);
			name = "[CP] Check Pods Manifest.lock";
			outputFileListPaths = (
			);
			outputPaths = (
				"$(DERIVED_FILE_DIR)/Pods-ParstagramTests-checkManifestLockResult.txt",
			);
			runOnlyForDeploymentPostprocessing = 0;
			shellPath = /bin/sh;
			shellScript = "diff \"${PODS_PODFILE_DIR_PATH}/Podfile.lock\" \"${PODS_ROOT}/Manifest.lock\" > /dev/null\nif [ $? != 0 ] ; then\n    # print error to STDERR\n    echo \"error: The sandbox is not in sync with the Podfile.lock. Run 'pod install' or update your CocoaPods installation.\" >&2\n    exit 1\nfi\n# This output is used by Xcode 'outputs' to avoid re-running this script phase.\necho \"SUCCESS\" > \"${SCRIPT_OUTPUT_FILE_0}\"\n";
			showEnvVarsInLog = 0;
		};
		CD7FBEEE50FFF154485ACC7B /* [CP] Embed Pods Frameworks */ = {
			isa = PBXShellScriptBuildPhase;
			buildActionMask = 2147483647;
			files = (
			);
			inputFileListPaths = (
			);
			inputPaths = (
				"${SRCROOT}/Pods/Target Support Files/Pods-Parstagram/Pods-Parstagram-frameworks.sh",
				"${BUILT_PRODUCTS_DIR}/Alamofire/Alamofire.framework",
				"${BUILT_PRODUCTS_DIR}/AlamofireImage/AlamofireImage.framework",
				"${BUILT_PRODUCTS_DIR}/Bolts/Bolts.framework",
				"${BUILT_PRODUCTS_DIR}/MessageInputBar/MessageInputBar.framework",
				"${BUILT_PRODUCTS_DIR}/Parse/Parse.framework",
			);
			name = "[CP] Embed Pods Frameworks";
			outputFileListPaths = (
			);
			outputPaths = (
				"${TARGET_BUILD_DIR}/${FRAMEWORKS_FOLDER_PATH}/Alamofire.framework",
				"${TARGET_BUILD_DIR}/${FRAMEWORKS_FOLDER_PATH}/AlamofireImage.framework",
				"${TARGET_BUILD_DIR}/${FRAMEWORKS_FOLDER_PATH}/Bolts.framework",
				"${TARGET_BUILD_DIR}/${FRAMEWORKS_FOLDER_PATH}/MessageInputBar.framework",
				"${TARGET_BUILD_DIR}/${FRAMEWORKS_FOLDER_PATH}/Parse.framework",
			);
			runOnlyForDeploymentPostprocessing = 0;
			shellPath = /bin/sh;
			shellScript = "\"${SRCROOT}/Pods/Target Support Files/Pods-Parstagram/Pods-Parstagram-frameworks.sh\"\n";
			showEnvVarsInLog = 0;
		};
		F4AA3356C208960CE1C9336E /* [CP] Check Pods Manifest.lock */ = {
			isa = PBXShellScriptBuildPhase;
			buildActionMask = 2147483647;
			files = (
			);
			inputFileListPaths = (
			);
			inputPaths = (
				"${PODS_PODFILE_DIR_PATH}/Podfile.lock",
				"${PODS_ROOT}/Manifest.lock",
			);
			name = "[CP] Check Pods Manifest.lock";
			outputFileListPaths = (
			);
			outputPaths = (
				"$(DERIVED_FILE_DIR)/Pods-ParstagramUITests-checkManifestLockResult.txt",
			);
			runOnlyForDeploymentPostprocessing = 0;
			shellPath = /bin/sh;
			shellScript = "diff \"${PODS_PODFILE_DIR_PATH}/Podfile.lock\" \"${PODS_ROOT}/Manifest.lock\" > /dev/null\nif [ $? != 0 ] ; then\n    # print error to STDERR\n    echo \"error: The sandbox is not in sync with the Podfile.lock. Run 'pod install' or update your CocoaPods installation.\" >&2\n    exit 1\nfi\n# This output is used by Xcode 'outputs' to avoid re-running this script phase.\necho \"SUCCESS\" > \"${SCRIPT_OUTPUT_FILE_0}\"\n";
			showEnvVarsInLog = 0;
		};
/* End PBXShellScriptBuildPhase section */

/* Begin PBXSourcesBuildPhase section */
		6DE22EE32219493A004CEE5F /* Sources */ = {
			isa = PBXSourcesBuildPhase;
			buildActionMask = 2147483647;
			files = (
				6D37298722195638009C3C27 /* LoginViewController.swift in Sources */,
				6D736A212223D2570084CC57 /* ProfileInfoTableViewCell.swift in Sources */,
				6D37298B22195BCE009C3C27 /* CameraViewController.swift in Sources */,
				6D37298922195642009C3C27 /* FeedViewController.swift in Sources */,
				6DE22EEB2219493A004CEE5F /* AppDelegate.swift in Sources */,
				6D736A1D2223B8A80084CC57 /* ProfileViewController.swift in Sources */,
				6D37298D2219F281009C3C27 /* PostCell.swift in Sources */,
				6D736A1B22233D260084CC57 /* CommentCell.swift in Sources */,
			);
			runOnlyForDeploymentPostprocessing = 0;
		};
		6DE22EF72219493C004CEE5F /* Sources */ = {
			isa = PBXSourcesBuildPhase;
			buildActionMask = 2147483647;
			files = (
				6DE22F002219493C004CEE5F /* ParstagramTests.swift in Sources */,
			);
			runOnlyForDeploymentPostprocessing = 0;
		};
		6DE22F022219493C004CEE5F /* Sources */ = {
			isa = PBXSourcesBuildPhase;
			buildActionMask = 2147483647;
			files = (
				6DE22F0B2219493C004CEE5F /* ParstagramUITests.swift in Sources */,
			);
			runOnlyForDeploymentPostprocessing = 0;
		};
/* End PBXSourcesBuildPhase section */

/* Begin PBXTargetDependency section */
		6DE22EFD2219493C004CEE5F /* PBXTargetDependency */ = {
			isa = PBXTargetDependency;
			target = 6DE22EE62219493A004CEE5F /* Parstagram */;
			targetProxy = 6DE22EFC2219493C004CEE5F /* PBXContainerItemProxy */;
		};
		6DE22F082219493C004CEE5F /* PBXTargetDependency */ = {
			isa = PBXTargetDependency;
			target = 6DE22EE62219493A004CEE5F /* Parstagram */;
			targetProxy = 6DE22F072219493C004CEE5F /* PBXContainerItemProxy */;
		};
/* End PBXTargetDependency section */

/* Begin PBXVariantGroup section */
		6DE22EEE2219493A004CEE5F /* Main.storyboard */ = {
			isa = PBXVariantGroup;
			children = (
				6DE22EEF2219493A004CEE5F /* Base */,
			);
			name = Main.storyboard;
			sourceTree = "<group>";
		};
		6DE22EF32219493C004CEE5F /* LaunchScreen.storyboard */ = {
			isa = PBXVariantGroup;
			children = (
				6DE22EF42219493C004CEE5F /* Base */,
			);
			name = LaunchScreen.storyboard;
			sourceTree = "<group>";
		};
/* End PBXVariantGroup section */

/* Begin XCBuildConfiguration section */
		6DE22F0D2219493C004CEE5F /* Debug */ = {
			isa = XCBuildConfiguration;
			buildSettings = {
				ALWAYS_SEARCH_USER_PATHS = NO;
				CLANG_ANALYZER_NONNULL = YES;
				CLANG_ANALYZER_NUMBER_OBJECT_CONVERSION = YES_AGGRESSIVE;
				CLANG_CXX_LANGUAGE_STANDARD = "gnu++14";
				CLANG_CXX_LIBRARY = "libc++";
				CLANG_ENABLE_MODULES = YES;
				CLANG_ENABLE_OBJC_ARC = YES;
				CLANG_ENABLE_OBJC_WEAK = YES;
				CLANG_WARN_BLOCK_CAPTURE_AUTORELEASING = YES;
				CLANG_WARN_BOOL_CONVERSION = YES;
				CLANG_WARN_COMMA = YES;
				CLANG_WARN_CONSTANT_CONVERSION = YES;
				CLANG_WARN_DEPRECATED_OBJC_IMPLEMENTATIONS = YES;
				CLANG_WARN_DIRECT_OBJC_ISA_USAGE = YES_ERROR;
				CLANG_WARN_DOCUMENTATION_COMMENTS = YES;
				CLANG_WARN_EMPTY_BODY = YES;
				CLANG_WARN_ENUM_CONVERSION = YES;
				CLANG_WARN_INFINITE_RECURSION = YES;
				CLANG_WARN_INT_CONVERSION = YES;
				CLANG_WARN_NON_LITERAL_NULL_CONVERSION = YES;
				CLANG_WARN_OBJC_IMPLICIT_RETAIN_SELF = YES;
				CLANG_WARN_OBJC_LITERAL_CONVERSION = YES;
				CLANG_WARN_OBJC_ROOT_CLASS = YES_ERROR;
				CLANG_WARN_RANGE_LOOP_ANALYSIS = YES;
				CLANG_WARN_STRICT_PROTOTYPES = YES;
				CLANG_WARN_SUSPICIOUS_MOVE = YES;
				CLANG_WARN_UNGUARDED_AVAILABILITY = YES_AGGRESSIVE;
				CLANG_WARN_UNREACHABLE_CODE = YES;
				CLANG_WARN__DUPLICATE_METHOD_MATCH = YES;
				CODE_SIGN_IDENTITY = "iPhone Developer";
				COPY_PHASE_STRIP = NO;
				DEBUG_INFORMATION_FORMAT = dwarf;
				ENABLE_STRICT_OBJC_MSGSEND = YES;
				ENABLE_TESTABILITY = YES;
				GCC_C_LANGUAGE_STANDARD = gnu11;
				GCC_DYNAMIC_NO_PIC = NO;
				GCC_NO_COMMON_BLOCKS = YES;
				GCC_OPTIMIZATION_LEVEL = 0;
				GCC_PREPROCESSOR_DEFINITIONS = (
					"DEBUG=1",
					"$(inherited)",
				);
				GCC_WARN_64_TO_32_BIT_CONVERSION = YES;
				GCC_WARN_ABOUT_RETURN_TYPE = YES_ERROR;
				GCC_WARN_UNDECLARED_SELECTOR = YES;
				GCC_WARN_UNINITIALIZED_AUTOS = YES_AGGRESSIVE;
				GCC_WARN_UNUSED_FUNCTION = YES;
				GCC_WARN_UNUSED_VARIABLE = YES;
				IPHONEOS_DEPLOYMENT_TARGET = 12.1;
				MTL_ENABLE_DEBUG_INFO = INCLUDE_SOURCE;
				MTL_FAST_MATH = YES;
				ONLY_ACTIVE_ARCH = YES;
				SDKROOT = iphoneos;
				SWIFT_ACTIVE_COMPILATION_CONDITIONS = DEBUG;
				SWIFT_OPTIMIZATION_LEVEL = "-Onone";
			};
			name = Debug;
		};
		6DE22F0E2219493C004CEE5F /* Release */ = {
			isa = XCBuildConfiguration;
			buildSettings = {
				ALWAYS_SEARCH_USER_PATHS = NO;
				CLANG_ANALYZER_NONNULL = YES;
				CLANG_ANALYZER_NUMBER_OBJECT_CONVERSION = YES_AGGRESSIVE;
				CLANG_CXX_LANGUAGE_STANDARD = "gnu++14";
				CLANG_CXX_LIBRARY = "libc++";
				CLANG_ENABLE_MODULES = YES;
				CLANG_ENABLE_OBJC_ARC = YES;
				CLANG_ENABLE_OBJC_WEAK = YES;
				CLANG_WARN_BLOCK_CAPTURE_AUTORELEASING = YES;
				CLANG_WARN_BOOL_CONVERSION = YES;
				CLANG_WARN_COMMA = YES;
				CLANG_WARN_CONSTANT_CONVERSION = YES;
				CLANG_WARN_DEPRECATED_OBJC_IMPLEMENTATIONS = YES;
				CLANG_WARN_DIRECT_OBJC_ISA_USAGE = YES_ERROR;
				CLANG_WARN_DOCUMENTATION_COMMENTS = YES;
				CLANG_WARN_EMPTY_BODY = YES;
				CLANG_WARN_ENUM_CONVERSION = YES;
				CLANG_WARN_INFINITE_RECURSION = YES;
				CLANG_WARN_INT_CONVERSION = YES;
				CLANG_WARN_NON_LITERAL_NULL_CONVERSION = YES;
				CLANG_WARN_OBJC_IMPLICIT_RETAIN_SELF = YES;
				CLANG_WARN_OBJC_LITERAL_CONVERSION = YES;
				CLANG_WARN_OBJC_ROOT_CLASS = YES_ERROR;
				CLANG_WARN_RANGE_LOOP_ANALYSIS = YES;
				CLANG_WARN_STRICT_PROTOTYPES = YES;
				CLANG_WARN_SUSPICIOUS_MOVE = YES;
				CLANG_WARN_UNGUARDED_AVAILABILITY = YES_AGGRESSIVE;
				CLANG_WARN_UNREACHABLE_CODE = YES;
				CLANG_WARN__DUPLICATE_METHOD_MATCH = YES;
				CODE_SIGN_IDENTITY = "iPhone Developer";
				COPY_PHASE_STRIP = NO;
				DEBUG_INFORMATION_FORMAT = "dwarf-with-dsym";
				ENABLE_NS_ASSERTIONS = NO;
				ENABLE_STRICT_OBJC_MSGSEND = YES;
				GCC_C_LANGUAGE_STANDARD = gnu11;
				GCC_NO_COMMON_BLOCKS = YES;
				GCC_WARN_64_TO_32_BIT_CONVERSION = YES;
				GCC_WARN_ABOUT_RETURN_TYPE = YES_ERROR;
				GCC_WARN_UNDECLARED_SELECTOR = YES;
				GCC_WARN_UNINITIALIZED_AUTOS = YES_AGGRESSIVE;
				GCC_WARN_UNUSED_FUNCTION = YES;
				GCC_WARN_UNUSED_VARIABLE = YES;
				IPHONEOS_DEPLOYMENT_TARGET = 12.1;
				MTL_ENABLE_DEBUG_INFO = NO;
				MTL_FAST_MATH = YES;
				SDKROOT = iphoneos;
				SWIFT_COMPILATION_MODE = wholemodule;
				SWIFT_OPTIMIZATION_LEVEL = "-O";
				VALIDATE_PRODUCT = YES;
			};
			name = Release;
		};
		6DE22F102219493C004CEE5F /* Debug */ = {
			isa = XCBuildConfiguration;
			baseConfigurationReference = C5A1C3080925A33449C81834 /* Pods-Parstagram.debug.xcconfig */;
			buildSettings = {
				ASSETCATALOG_COMPILER_APPICON_NAME = AppIcon;
				CODE_SIGN_STYLE = Automatic;
				DEVELOPMENT_TEAM = FR69N9AMGU;
				INFOPLIST_FILE = Parstagram/Info.plist;
				LD_RUNPATH_SEARCH_PATHS = (
					"$(inherited)",
					"@executable_path/Frameworks",
				);
				PRODUCT_BUNDLE_IDENTIFIER = com.example.Parstagram;
				PRODUCT_NAME = "$(TARGET_NAME)";
				SWIFT_VERSION = 4.2;
				TARGETED_DEVICE_FAMILY = "1,2";
			};
			name = Debug;
		};
		6DE22F112219493C004CEE5F /* Release */ = {
			isa = XCBuildConfiguration;
			baseConfigurationReference = AB7257D3EDFDE910686E3B94 /* Pods-Parstagram.release.xcconfig */;
			buildSettings = {
				ASSETCATALOG_COMPILER_APPICON_NAME = AppIcon;
				CODE_SIGN_STYLE = Automatic;
				DEVELOPMENT_TEAM = FR69N9AMGU;
				INFOPLIST_FILE = Parstagram/Info.plist;
				LD_RUNPATH_SEARCH_PATHS = (
					"$(inherited)",
					"@executable_path/Frameworks",
				);
				PRODUCT_BUNDLE_IDENTIFIER = com.example.Parstagram;
				PRODUCT_NAME = "$(TARGET_NAME)";
				SWIFT_VERSION = 4.2;
				TARGETED_DEVICE_FAMILY = "1,2";
			};
			name = Release;
		};
		6DE22F132219493C004CEE5F /* Debug */ = {
			isa = XCBuildConfiguration;
			baseConfigurationReference = 07A1677712A0ED6407A43D30 /* Pods-ParstagramTests.debug.xcconfig */;
			buildSettings = {
				ALWAYS_EMBED_SWIFT_STANDARD_LIBRARIES = YES;
				BUNDLE_LOADER = "$(TEST_HOST)";
				CODE_SIGN_STYLE = Automatic;
				DEVELOPMENT_TEAM = FR69N9AMGU;
				INFOPLIST_FILE = ParstagramTests/Info.plist;
				LD_RUNPATH_SEARCH_PATHS = (
					"$(inherited)",
					"@executable_path/Frameworks",
					"@loader_path/Frameworks",
				);
				PRODUCT_BUNDLE_IDENTIFIER = com.example.ParstagramTests;
				PRODUCT_NAME = "$(TARGET_NAME)";
				SWIFT_VERSION = 4.2;
				TARGETED_DEVICE_FAMILY = "1,2";
				TEST_HOST = "$(BUILT_PRODUCTS_DIR)/Parstagram.app/Parstagram";
			};
			name = Debug;
		};
		6DE22F142219493C004CEE5F /* Release */ = {
			isa = XCBuildConfiguration;
			baseConfigurationReference = BE4713C81A46919D4688E408 /* Pods-ParstagramTests.release.xcconfig */;
			buildSettings = {
				ALWAYS_EMBED_SWIFT_STANDARD_LIBRARIES = YES;
				BUNDLE_LOADER = "$(TEST_HOST)";
				CODE_SIGN_STYLE = Automatic;
				DEVELOPMENT_TEAM = FR69N9AMGU;
				INFOPLIST_FILE = ParstagramTests/Info.plist;
				LD_RUNPATH_SEARCH_PATHS = (
					"$(inherited)",
					"@executable_path/Frameworks",
					"@loader_path/Frameworks",
				);
				PRODUCT_BUNDLE_IDENTIFIER = com.example.ParstagramTests;
				PRODUCT_NAME = "$(TARGET_NAME)";
				SWIFT_VERSION = 4.2;
				TARGETED_DEVICE_FAMILY = "1,2";
				TEST_HOST = "$(BUILT_PRODUCTS_DIR)/Parstagram.app/Parstagram";
			};
			name = Release;
		};
		6DE22F162219493C004CEE5F /* Debug */ = {
			isa = XCBuildConfiguration;
			baseConfigurationReference = 9063EE23F3039C52F587086D /* Pods-ParstagramUITests.debug.xcconfig */;
			buildSettings = {
				ALWAYS_EMBED_SWIFT_STANDARD_LIBRARIES = YES;
				CODE_SIGN_STYLE = Automatic;
				DEVELOPMENT_TEAM = FR69N9AMGU;
				INFOPLIST_FILE = ParstagramUITests/Info.plist;
				LD_RUNPATH_SEARCH_PATHS = (
					"$(inherited)",
					"@executable_path/Frameworks",
					"@loader_path/Frameworks",
				);
				PRODUCT_BUNDLE_IDENTIFIER = com.example.ParstagramUITests;
				PRODUCT_NAME = "$(TARGET_NAME)";
				SWIFT_VERSION = 4.2;
				TARGETED_DEVICE_FAMILY = "1,2";
				TEST_TARGET_NAME = Parstagram;
			};
			name = Debug;
		};
		6DE22F172219493C004CEE5F /* Release */ = {
			isa = XCBuildConfiguration;
			baseConfigurationReference = 97476DC7A57D0281EF0E07EB /* Pods-ParstagramUITests.release.xcconfig */;
			buildSettings = {
				ALWAYS_EMBED_SWIFT_STANDARD_LIBRARIES = YES;
				CODE_SIGN_STYLE = Automatic;
				DEVELOPMENT_TEAM = FR69N9AMGU;
				INFOPLIST_FILE = ParstagramUITests/Info.plist;
				LD_RUNPATH_SEARCH_PATHS = (
					"$(inherited)",
					"@executable_path/Frameworks",
					"@loader_path/Frameworks",
				);
				PRODUCT_BUNDLE_IDENTIFIER = com.example.ParstagramUITests;
				PRODUCT_NAME = "$(TARGET_NAME)";
				SWIFT_VERSION = 4.2;
				TARGETED_DEVICE_FAMILY = "1,2";
				TEST_TARGET_NAME = Parstagram;
			};
			name = Release;
		};
/* End XCBuildConfiguration section */

/* Begin XCConfigurationList section */
		6DE22EE22219493A004CEE5F /* Build configuration list for PBXProject "Parstagram" */ = {
			isa = XCConfigurationList;
			buildConfigurations = (
				6DE22F0D2219493C004CEE5F /* Debug */,
				6DE22F0E2219493C004CEE5F /* Release */,
			);
			defaultConfigurationIsVisible = 0;
			defaultConfigurationName = Release;
		};
		6DE22F0F2219493C004CEE5F /* Build configuration list for PBXNativeTarget "Parstagram" */ = {
			isa = XCConfigurationList;
			buildConfigurations = (
				6DE22F102219493C004CEE5F /* Debug */,
				6DE22F112219493C004CEE5F /* Release */,
			);
			defaultConfigurationIsVisible = 0;
			defaultConfigurationName = Release;
		};
		6DE22F122219493C004CEE5F /* Build configuration list for PBXNativeTarget "ParstagramTests" */ = {
			isa = XCConfigurationList;
			buildConfigurations = (
				6DE22F132219493C004CEE5F /* Debug */,
				6DE22F142219493C004CEE5F /* Release */,
			);
			defaultConfigurationIsVisible = 0;
			defaultConfigurationName = Release;
		};
		6DE22F152219493C004CEE5F /* Build configuration list for PBXNativeTarget "ParstagramUITests" */ = {
			isa = XCConfigurationList;
			buildConfigurations = (
				6DE22F162219493C004CEE5F /* Debug */,
				6DE22F172219493C004CEE5F /* Release */,
			);
			defaultConfigurationIsVisible = 0;
			defaultConfigurationName = Release;
		};
/* End XCConfigurationList section */
	};
	rootObject = 6DE22EDF2219493A004CEE5F /* Project object */;
}
